
Microsoft Visual Studio Solution File, Format Version 12.00
# Visual Studio Version 16
VisualStudioVersion = 16.0.31424.327
MinimumVisualStudioVersion = 10.0.40219.1
Project("{FAE04EC0-301F-11D3-BF4B-00C04F79EFBC}") = "EducationProcess.Api", "EducationProcess.Api\EducationProcess.Api.csproj", "{EF559A04-6335-446D-801D-C2834FC297CF}"
EndProject
Project("{FAE04EC0-301F-11D3-BF4B-00C04F79EFBC}") = "EducationProcess.Tests", "EducationProcess.Tests\EducationProcess.Tests.csproj", "{DCC906EB-4444-4B47-8EE8-FBD2E0D08516}"
EndProject
Project("{FAE04EC0-301F-11D3-BF4B-00C04F79EFBC}") = "EducationProcess.DataAccess", "EducationProcess.DataAccess\EducationProcess.DataAccess.csproj", "{C4467967-7A2B-407A-9BC1-4998559EF9F0}"
EndProject
Project("{FAE04EC0-301F-11D3-BF4B-00C04F79EFBC}") = "EducationProcess.BusinessLogic", "EducationProcess.BusinessLogic\EducationProcess.BusinessLogic.csproj", "{8887FFA9-B75F-4DBD-BC4F-DB02931D394D}"
EndProject
Project("{FAE04EC0-301F-11D3-BF4B-00C04F79EFBC}") = "EducationProcess.Core", "EducationProcess.Core\EducationProcess.Core.csproj", "{510758CD-1C9F-457D-813E-762CF7772E68}"
EndProject
Project("{FAE04EC0-301F-11D3-BF4B-00C04F79EFBC}") = "EducationProcess.Domain", "EducationProcess.Domain\EducationProcess.Domain.csproj", "{D183F242-7102-471A-9469-1E8FB79254CA}"
EndProject
Global
	GlobalSection(SolutionConfigurationPlatforms) = preSolution
		Debug|Any CPU = Debug|Any CPU
		Release|Any CPU = Release|Any CPU
	EndGlobalSection
	GlobalSection(ProjectConfigurationPlatforms) = postSolution
		{EF559A04-6335-446D-801D-C2834FC297CF}.Debug|Any CPU.ActiveCfg = Debug|Any CPU
		{EF559A04-6335-446D-801D-C2834FC297CF}.Debug|Any CPU.Build.0 = Debug|Any CPU
		{EF559A04-6335-446D-801D-C2834FC297CF}.Release|Any CPU.ActiveCfg = Release|Any CPU
		{EF559A04-6335-446D-801D-C2834FC297CF}.Release|Any CPU.Build.0 = Release|Any CPU
		{DCC906EB-4444-4B47-8EE8-FBD2E0D08516}.Debug|Any CPU.ActiveCfg = Debug|Any CPU
		{DCC906EB-4444-4B47-8EE8-FBD2E0D08516}.Debug|Any CPU.Build.0 = Debug|Any CPU
		{DCC906EB-4444-4B47-8EE8-FBD2E0D08516}.Release|Any CPU.ActiveCfg = Release|Any CPU
		{DCC906EB-4444-4B47-8EE8-FBD2E0D08516}.Release|Any CPU.Build.0 = Release|Any CPU
		{C4467967-7A2B-407A-9BC1-4998559EF9F0}.Debug|Any CPU.ActiveCfg = Debug|Any CPU
		{C4467967-7A2B-407A-9BC1-4998559EF9F0}.Debug|Any CPU.Build.0 = Debug|Any CPU
		{C4467967-7A2B-407A-9BC1-4998559EF9F0}.Release|Any CPU.ActiveCfg = Release|Any CPU
		{C4467967-7A2B-407A-9BC1-4998559EF9F0}.Release|Any CPU.Build.0 = Release|Any CPU
		{8887FFA9-B75F-4DBD-BC4F-DB02931D394D}.Debug|Any CPU.ActiveCfg = Debug|Any CPU
		{8887FFA9-B75F-4DBD-BC4F-DB02931D394D}.Debug|Any CPU.Build.0 = Debug|Any CPU
		{8887FFA9-B75F-4DBD-BC4F-DB02931D394D}.Release|Any CPU.ActiveCfg = Release|Any CPU
		{8887FFA9-B75F-4DBD-BC4F-DB02931D394D}.Release|Any CPU.Build.0 = Release|Any CPU
		{510758CD-1C9F-457D-813E-762CF7772E68}.Debug|Any CPU.ActiveCfg = Debug|Any CPU
		{510758CD-1C9F-457D-813E-762CF7772E68}.Debug|Any CPU.Build.0 = Debug|Any CPU
		{510758CD-1C9F-457D-813E-762CF7772E68}.Release|Any CPU.ActiveCfg = Release|Any CPU
		{510758CD-1C9F-457D-813E-762CF7772E68}.Release|Any CPU.Build.0 = Release|Any CPU
		{D183F242-7102-471A-9469-1E8FB79254CA}.Debug|Any CPU.ActiveCfg = Debug|Any CPU
		{D183F242-7102-471A-9469-1E8FB79254CA}.Debug|Any CPU.Build.0 = Debug|Any CPU
		{D183F242-7102-471A-9469-1E8FB79254CA}.Release|Any CPU.ActiveCfg = Release|Any CPU
		{D183F242-7102-471A-9469-1E8FB79254CA}.Release|Any CPU.Build.0 = Release|Any CPU
	EndGlobalSection
	GlobalSection(SolutionProperties) = preSolution
		HideSolutionNode = FALSE
	EndGlobalSection
	GlobalSection(ExtensibilityGlobals) = postSolution
		SolutionGuid = {93174CA7-FC5E-4D5E-AE8D-06C920589544}
	EndGlobalSection
EndGlobal
